
Microsoft Visual Studio Solution File, Format Version 12.00
# Visual Studio Version 17
VisualStudioVersion = 17.9.34701.34
MinimumVisualStudioVersion = 10.0.40219.1
Project("{9A19103F-16F7-4668-BE54-9A1E7A4F7556}") = "Carubbi.TextFile", "Carubbi.TextFile\Carubbi.TextFile.csproj", "{DE4BB287-FA10-47E9-82DC-226C9219B471}"
EndProject
Project("{9A19103F-16F7-4668-BE54-9A1E7A4F7556}") = "Carubbi.TextFile.Tests", "Carubbi.TextFile.Tests\Carubbi.TextFile.Tests.csproj", "{17885D78-B6A9-4815-B5F6-2B5FAD685E06}"
EndProject
Global
	GlobalSection(SolutionConfigurationPlatforms) = preSolution
		Debug|Any CPU = Debug|Any CPU
		Release|Any CPU = Release|Any CPU
	EndGlobalSection
	GlobalSection(ProjectConfigurationPlatforms) = postSolution
		{DE4BB287-FA10-47E9-82DC-226C9219B471}.Debug|Any CPU.ActiveCfg = Debug|Any CPU
		{DE4BB287-FA10-47E9-82DC-226C9219B471}.Debug|Any CPU.Build.0 = Debug|Any CPU
		{DE4BB287-FA10-47E9-82DC-226C9219B471}.Release|Any CPU.ActiveCfg = Release|Any CPU
		{DE4BB287-FA10-47E9-82DC-226C9219B471}.Release|Any CPU.Build.0 = Release|Any CPU
		{17885D78-B6A9-4815-B5F6-2B5FAD685E06}.Debug|Any CPU.ActiveCfg = Debug|Any CPU
		{17885D78-B6A9-4815-B5F6-2B5FAD685E06}.Debug|Any CPU.Build.0 = Debug|Any CPU
		{17885D78-B6A9-4815-B5F6-2B5FAD685E06}.Release|Any CPU.ActiveCfg = Release|Any CPU
		{17885D78-B6A9-4815-B5F6-2B5FAD685E06}.Release|Any CPU.Build.0 = Release|Any CPU
	EndGlobalSection
	GlobalSection(SolutionProperties) = preSolution
		HideSolutionNode = FALSE
	EndGlobalSection
	GlobalSection(ExtensibilityGlobals) = postSolution
		SolutionGuid = {6080A79D-B673-4047-8376-AB65E59C26A4}
	EndGlobalSection
EndGlobal
